
Microsoft Visual Studio Solution File, Format Version 12.00
# Visual Studio Version 17
VisualStudioVersion = 17.11.35312.102
MinimumVisualStudioVersion = 10.0.40219.1
Project("{FAE04EC0-301F-11D3-BF4B-00C04F79EFBC}") = "KeyManagementSystem", "KeyManagementSystem\KeyManagementSystem.csproj", "{C174C0FC-34FD-4080-A79E-16771EBF36CA}"
EndProject
Global
	GlobalSection(SolutionConfigurationPlatforms) = preSolution
		Debug|Any CPU = Debug|Any CPU
		Release|Any CPU = Release|Any CPU
	EndGlobalSection
	GlobalSection(ProjectConfigurationPlatforms) = postSolution
		{C174C0FC-34FD-4080-A79E-16771EBF36CA}.Debug|Any CPU.ActiveCfg = Debug|Any CPU
		{C174C0FC-34FD-4080-A79E-16771EBF36CA}.Debug|Any CPU.Build.0 = Debug|Any CPU
		{C174C0FC-34FD-4080-A79E-16771EBF36CA}.Release|Any CPU.ActiveCfg = Release|Any CPU
		{C174C0FC-34FD-4080-A79E-16771EBF36CA}.Release|Any CPU.Build.0 = Release|Any CPU
	EndGlobalSection
	GlobalSection(SolutionProperties) = preSolution
		HideSolutionNode = FALSE
	EndGlobalSection
	GlobalSection(ExtensibilityGlobals) = postSolution
		SolutionGuid = {D9846EC9-49F5-4A90-AAB8-963255021900}
	EndGlobalSection
EndGlobal
